{
  "name": "demoWidgets",
  "lockfileVersion": 3,
  "requires": true,
  "packages": {
    "": {
      "dependencies": {
        "@avaya/neo": "^3.81.13"
      }
    },
    "node_modules/@avaya/neo": {
      "version": "3.81.13",
      "resolved": "https://registry.npmjs.org/@avaya/neo/-/neo-3.81.13.tgz",
      "integrity": "sha512-ok8Xx6lodEjjjqUWbsKg4ZmNVyBTt7XX7sd5EWLhoIP+cPv17o0AlxN8J+y3J6dJrUtD2P22GuL5Uq3dqY0m2A==",
      "license": "MIT"
    }
  }
}
